
Microsoft Visual Studio Solution File, Format Version 12.00
# Visual Studio 15
VisualStudioVersion = 15.0.28307.136
MinimumVisualStudioVersion = 10.0.40219.1
Project("{FAE04EC0-301F-11D3-BF4B-00C04F79EFBC}") = "InterfaceDrill", "InterfaceDrill\InterfaceDrill.csproj", "{BE03E835-D855-491F-AB18-97C0CCFA0BFD}"
EndProject
Global
	GlobalSection(SolutionConfigurationPlatforms) = preSolution
		Debug|Any CPU = Debug|Any CPU
		Release|Any CPU = Release|Any CPU
	EndGlobalSection
	GlobalSection(ProjectConfigurationPlatforms) = postSolution
		{BE03E835-D855-491F-AB18-97C0CCFA0BFD}.Debug|Any CPU.ActiveCfg = Debug|Any CPU
		{BE03E835-D855-491F-AB18-97C0CCFA0BFD}.Debug|Any CPU.Build.0 = Debug|Any CPU
		{BE03E835-D855-491F-AB18-97C0CCFA0BFD}.Release|Any CPU.ActiveCfg = Release|Any CPU
		{BE03E835-D855-491F-AB18-97C0CCFA0BFD}.Release|Any CPU.Build.0 = Release|Any CPU
	EndGlobalSection
	GlobalSection(SolutionProperties) = preSolution
		HideSolutionNode = FALSE
	EndGlobalSection
	GlobalSection(ExtensibilityGlobals) = postSolution
		SolutionGuid = {7F7EAF0C-7365-4A38-BF82-2B7E8FE7B4E3}
	EndGlobalSection
EndGlobal
