
Microsoft Visual Studio Solution File, Format Version 12.00
# Visual Studio 15
VisualStudioVersion = 15.0.28307.136
MinimumVisualStudioVersion = 10.0.40219.1
Project("{FAE04EC0-301F-11D3-BF4B-00C04F79EFBC}") = "AbstractClassDrill", "AbstractClassDrill\AbstractClassDrill.csproj", "{22E47A3F-EEB9-4B58-9FFA-DBD352AC9209}"
EndProject
Global
	GlobalSection(SolutionConfigurationPlatforms) = preSolution
		Debug|Any CPU = Debug|Any CPU
		Release|Any CPU = Release|Any CPU
	EndGlobalSection
	GlobalSection(ProjectConfigurationPlatforms) = postSolution
		{22E47A3F-EEB9-4B58-9FFA-DBD352AC9209}.Debug|Any CPU.ActiveCfg = Debug|Any CPU
		{22E47A3F-EEB9-4B58-9FFA-DBD352AC9209}.Debug|Any CPU.Build.0 = Debug|Any CPU
		{22E47A3F-EEB9-4B58-9FFA-DBD352AC9209}.Release|Any CPU.ActiveCfg = Release|Any CPU
		{22E47A3F-EEB9-4B58-9FFA-DBD352AC9209}.Release|Any CPU.Build.0 = Release|Any CPU
	EndGlobalSection
	GlobalSection(SolutionProperties) = preSolution
		HideSolutionNode = FALSE
	EndGlobalSection
	GlobalSection(ExtensibilityGlobals) = postSolution
		SolutionGuid = {748B98EE-9266-4344-A3DC-56B63E6497C0}
	EndGlobalSection
EndGlobal
