
Microsoft Visual Studio Solution File, Format Version 12.00
# Visual Studio 15
VisualStudioVersion = 15.0.28010.2016
MinimumVisualStudioVersion = 10.0.40219.1
Project("{FAE04EC0-301F-11D3-BF4B-00C04F79EFBC}") = "ClassDrill2", "ClassDrill2\ClassDrill2.csproj", "{E335D95C-1D98-4009-83AC-1AEC8DDE13E3}"
EndProject
Global
	GlobalSection(SolutionConfigurationPlatforms) = preSolution
		Debug|Any CPU = Debug|Any CPU
		Release|Any CPU = Release|Any CPU
	EndGlobalSection
	GlobalSection(ProjectConfigurationPlatforms) = postSolution
		{E335D95C-1D98-4009-83AC-1AEC8DDE13E3}.Debug|Any CPU.ActiveCfg = Debug|Any CPU
		{E335D95C-1D98-4009-83AC-1AEC8DDE13E3}.Debug|Any CPU.Build.0 = Debug|Any CPU
		{E335D95C-1D98-4009-83AC-1AEC8DDE13E3}.Release|Any CPU.ActiveCfg = Release|Any CPU
		{E335D95C-1D98-4009-83AC-1AEC8DDE13E3}.Release|Any CPU.Build.0 = Release|Any CPU
	EndGlobalSection
	GlobalSection(SolutionProperties) = preSolution
		HideSolutionNode = FALSE
	EndGlobalSection
	GlobalSection(ExtensibilityGlobals) = postSolution
		SolutionGuid = {17B43AB8-832C-493B-9BA2-2DD23BB6394F}
	EndGlobalSection
EndGlobal
