
Microsoft Visual Studio Solution File, Format Version 12.00
# Visual Studio 15
VisualStudioVersion = 15.0.28307.136
MinimumVisualStudioVersion = 10.0.40219.1
Project("{FAE04EC0-301F-11D3-BF4B-00C04F79EFBC}") = "StringDrill", "StringDrill\StringDrill.csproj", "{2445BB55-2332-46DC-9319-167EC3FC3FFA}"
EndProject
Global
	GlobalSection(SolutionConfigurationPlatforms) = preSolution
		Debug|Any CPU = Debug|Any CPU
		Release|Any CPU = Release|Any CPU
	EndGlobalSection
	GlobalSection(ProjectConfigurationPlatforms) = postSolution
		{2445BB55-2332-46DC-9319-167EC3FC3FFA}.Debug|Any CPU.ActiveCfg = Debug|Any CPU
		{2445BB55-2332-46DC-9319-167EC3FC3FFA}.Debug|Any CPU.Build.0 = Debug|Any CPU
		{2445BB55-2332-46DC-9319-167EC3FC3FFA}.Release|Any CPU.ActiveCfg = Release|Any CPU
		{2445BB55-2332-46DC-9319-167EC3FC3FFA}.Release|Any CPU.Build.0 = Release|Any CPU
	EndGlobalSection
	GlobalSection(SolutionProperties) = preSolution
		HideSolutionNode = FALSE
	EndGlobalSection
	GlobalSection(ExtensibilityGlobals) = postSolution
		SolutionGuid = {6277E576-5A53-474C-9BB9-CECC4CD4B7EE}
	EndGlobalSection
EndGlobal
