
Microsoft Visual Studio Solution File, Format Version 12.00
# Visual Studio 15
VisualStudioVersion = 15.0.28307.136
MinimumVisualStudioVersion = 10.0.40219.1
Project("{FAE04EC0-301F-11D3-BF4B-00C04F79EFBC}") = "LambdaExpressionDrill", "LambdaExpressionDrill\LambdaExpressionDrill.csproj", "{A31B6435-3E54-4683-836E-D7E81A0C0928}"
EndProject
Global
	GlobalSection(SolutionConfigurationPlatforms) = preSolution
		Debug|Any CPU = Debug|Any CPU
		Release|Any CPU = Release|Any CPU
	EndGlobalSection
	GlobalSection(ProjectConfigurationPlatforms) = postSolution
		{A31B6435-3E54-4683-836E-D7E81A0C0928}.Debug|Any CPU.ActiveCfg = Debug|Any CPU
		{A31B6435-3E54-4683-836E-D7E81A0C0928}.Debug|Any CPU.Build.0 = Debug|Any CPU
		{A31B6435-3E54-4683-836E-D7E81A0C0928}.Release|Any CPU.ActiveCfg = Release|Any CPU
		{A31B6435-3E54-4683-836E-D7E81A0C0928}.Release|Any CPU.Build.0 = Release|Any CPU
	EndGlobalSection
	GlobalSection(SolutionProperties) = preSolution
		HideSolutionNode = FALSE
	EndGlobalSection
	GlobalSection(ExtensibilityGlobals) = postSolution
		SolutionGuid = {7FC0A04F-02C6-4A4C-9B68-96F4A2CAA86B}
	EndGlobalSection
EndGlobal
